# This file is automatically @generated by Poetry and should not be changed by hand.

[[package]]
name = "altgraph"
version = "0.17.3"
description = "Python graph (network) package"
category = "main"
optional = false
python-versions = "*"
files = [
    {file = "altgraph-0.17.3-py2.py3-none-any.whl", hash = "sha256:c8ac1ca6772207179ed8003ce7687757c04b0b71536f81e2ac5755c6226458fe"},
    {file = "altgraph-0.17.3.tar.gz", hash = "sha256:ad33358114df7c9416cdb8fa1eaa5852166c505118717021c6a8c7c7abbd03dd"},
]

[[package]]
name = "capstone"
version = "4.0.2"
description = "Capstone disassembly engine"
category = "main"
optional = false
python-versions = ">=2.7, !=3.0.*, !=3.1.*, !=3.2.*, !=3.3.*"
files = [
    {file = "capstone-4.0.2-py2.py3-none-manylinux1_i686.whl", hash = "sha256:da442f979414cf27e4621e70e835880878c858ea438c4f0e957e132593579e37"},
    {file = "capstone-4.0.2-py2.py3-none-manylinux1_x86_64.whl", hash = "sha256:9d1a9096c5f875b11290317722ed44bb6e7c52e50cc79d791f142bce968c49aa"},
    {file = "capstone-4.0.2-py2.py3-none-win32.whl", hash = "sha256:c3d9b443d1adb40ee2d9a4e7341169b76476ddcf3a54c03793b16cdc7cd35c5a"},
    {file = "capstone-4.0.2-py2.py3-none-win_amd64.whl", hash = "sha256:0d65ffe8620920976ceadedc769f22318f6f150a592368d8a735612367ac8a1a"},
    {file = "capstone-4.0.2.tar.gz", hash = "sha256:2842913092c9b69fd903744bc1b87488e1451625460baac173056e1808ec1c66"},
]

[[package]]
name = "distorm3"
version = "3.5.2"
description = "The goal of diStorm3 is to decode x86/AMD64 binary streams and return a structure that describes each instruction."
category = "main"
optional = false
python-versions = "*"
files = [
    {file = "distorm3-3.5.2-cp37-cp37m-win32.whl", hash = "sha256:42724d36b88d06fb72630e0790acca768b381d94e3ad0e720ba0181821643857"},
    {file = "distorm3-3.5.2.tar.gz", hash = "sha256:7528228b905d128972205e9b6cb69f328dce0febaa7355b92fae101a8309e144"},
]

[[package]]
name = "fire"
version = "0.4.0"
description = "A library for automatically generating command line interfaces."
category = "main"
optional = false
python-versions = "*"
files = [
    {file = "fire-0.4.0.tar.gz", hash = "sha256:c5e2b8763699d1142393a46d0e3e790c5eb2f0706082df8f647878842c216a62"},
]

[package.dependencies]
six = "*"
termcolor = "*"

[[package]]
name = "future"
version = "0.18.2"
description = "Clean single-source support for Python 3 and 2"
category = "main"
optional = false
python-versions = ">=2.6, !=3.0.*, !=3.1.*, !=3.2.*"
files = [
    {file = "future-0.18.2.tar.gz", hash = "sha256:b1bead90b70cf6ec3f0710ae53a525360fa360d306a86583adc6bf83a4db537d"},
]

[[package]]
name = "lief"
version = "0.12.3"
description = "Library to instrument executable formats"
category = "main"
optional = false
python-versions = ">=3.6"
files = [
    {file = "lief-0.12.3-cp310-cp310-macosx_10_14_arm64.whl", hash = "sha256:66724f337e6a36cea1a9380f13b59923f276c49ca837becae2e7be93a2e245d9"},
    {file = "lief-0.12.3-cp310-cp310-macosx_10_14_x86_64.whl", hash = "sha256:6d18aafa2028587c98f6d4387bec94346e92f2b5a8a5002f70b1cf35b1c045cc"},
    {file = "lief-0.12.3-cp310-cp310-manylinux_2_17_x86_64.manylinux2014_x86_64.whl", hash = "sha256:c078d6230279ffd3bca717c79664fb8368666f610b577deb24b374607936e9c1"},
    {file = "lief-0.12.3-cp310-cp310-win32.whl", hash = "sha256:e3a6af926532d0aac9e7501946134513d63217bacba666e6f7f5a0b7e15ba236"},
    {file = "lief-0.12.3-cp310-cp310-win_amd64.whl", hash = "sha256:0750b72e3aa161e1fb0e2e7f571121ae05d2428aafd742ff05a7656ad2288447"},
    {file = "lief-0.12.3-cp311-cp311-macosx_10_14_arm64.whl", hash = "sha256:b5c123cb99a7879d754c059e299198b34e7e30e3b64cf22e8962013db0099f47"},
    {file = "lief-0.12.3-cp311-cp311-macosx_10_14_x86_64.whl", hash = "sha256:8bc58fa26a830df6178e36f112cb2bbdd65deff593f066d2d51434ff78386ba5"},
    {file = "lief-0.12.3-cp311-cp311-manylinux_2_17_x86_64.manylinux2014_x86_64.whl", hash = "sha256:04eb6b70d646fb5bd6183575928ee23715550f161f2832cbcd8c6ff2071fb408"},
    {file = "lief-0.12.3-cp311-cp311-win32.whl", hash = "sha256:7e2d0a53c403769b04adcf8df92e83c5e25f9103a052aa7f17b0a9cf057735fb"},
    {file = "lief-0.12.3-cp311-cp311-win_amd64.whl", hash = "sha256:7f6395c12ee1bc4a5162f567cba96d0c72dfb660e7902e84d4f3029daf14fe33"},
    {file = "lief-0.12.3-cp36-cp36m-macosx_10_14_x86_64.whl", hash = "sha256:71327fdc764fd2b1f3cd371d8ac5e0b801bde32b71cfcf7dccee506d46768539"},
    {file = "lief-0.12.3-cp36-cp36m-manylinux_2_17_x86_64.manylinux2014_x86_64.whl", hash = "sha256:d320fb80ed5b42b354b8e4f251ab05a51929c162c57c377b5e95ad4b1c1b415d"},
    {file = "lief-0.12.3-cp36-cp36m-win32.whl", hash = "sha256:176fa6c342dd480195cda34a20f62ac76dfae103b22ca7583b762e0b434ee1f3"},
    {file = "lief-0.12.3-cp36-cp36m-win_amd64.whl", hash = "sha256:3a18fe108fb82a2640864deef933731afe77413b1226551796ef2c373a1b3a2a"},
    {file = "lief-0.12.3-cp37-cp37m-macosx_10_14_x86_64.whl", hash = "sha256:c73e990cd2737d1060b8c1e8edcc128832806995b69d1d6bf191409e2cea7bde"},
    {file = "lief-0.12.3-cp37-cp37m-manylinux2014_aarch64.whl", hash = "sha256:5fa2b1c8ffe47ee66b2507c2bb4e3fd628965532b7888c0627d10e690b5ef20c"},
    {file = "lief-0.12.3-cp37-cp37m-manylinux_2_17_x86_64.manylinux2014_x86_64.whl", hash = "sha256:5f224e9a261e88099f86160f121d088d30894c2946e3e551cf11c678daadcf2b"},
    {file = "lief-0.12.3-cp37-cp37m-win32.whl", hash = "sha256:3481d7c9fb3d3a1acff53851f40efd1a5a05d354312d367294bc2e310b736826"},
    {file = "lief-0.12.3-cp37-cp37m-win_amd64.whl", hash = "sha256:4e5173e1be5ebf43594f4eb187cbcb04758761942bc0a1e685ea1cb9047dc0d9"},
    {file = "lief-0.12.3-cp38-cp38-macosx_10_14_x86_64.whl", hash = "sha256:54d6a45e01260b9c8bf1c99f58257cff5338aee5c02eacfeee789f9d15cf38c6"},
    {file = "lief-0.12.3-cp38-cp38-manylinux2014_aarch64.whl", hash = "sha256:4501dc399fb15dc7a3c8df4a76264a86be6d581d99098dafc3a67626149d8ff1"},
    {file = "lief-0.12.3-cp38-cp38-manylinux_2_17_x86_64.manylinux2014_x86_64.whl", hash = "sha256:c848aadac0816268aeb9dde7cefdb54bf24f78e664a19e97e74c92d3be1bb147"},
    {file = "lief-0.12.3-cp38-cp38-win32.whl", hash = "sha256:d7e35f9ee9dd6e79add3b343f83659b71c05189e5cb224e02a1902ddc7654e96"},
    {file = "lief-0.12.3-cp38-cp38-win_amd64.whl", hash = "sha256:b00667257b43e93d94166c959055b6147d46d302598f3ee55c194b40414c89cc"},
    {file = "lief-0.12.3-cp39-cp39-macosx_10_14_arm64.whl", hash = "sha256:e6a1b5b389090d524621c2455795e1262f62dc9381bedd96f0cd72b878c4066d"},
    {file = "lief-0.12.3-cp39-cp39-macosx_10_14_x86_64.whl", hash = "sha256:ae773196df814202c0c51056163a1478941b299512b09660a3c37be3c7fac81e"},
    {file = "lief-0.12.3-cp39-cp39-manylinux2014_aarch64.whl", hash = "sha256:4a47f410032c63ac3be051d963d0337d6b47f0e94bfe8e946ab4b6c428f4d0f8"},
    {file = "lief-0.12.3-cp39-cp39-manylinux_2_17_x86_64.manylinux2014_x86_64.whl", hash = "sha256:dbd11367c2259bd1131a6c8755dcde33314324de5ea029227bfbc7d3755871e6"},
    {file = "lief-0.12.3-cp39-cp39-win32.whl", hash = "sha256:2ce53e311918c3e5b54c815ef420a747208d2a88200c41cd476f3dd1eb876bcf"},
    {file = "lief-0.12.3-cp39-cp39-win_amd64.whl", hash = "sha256:446e53ccf0ebd1616c5d573470662ff71ca6df3cd62ec1764e303764f3f03cca"},
    {file = "lief-0.12.3.zip", hash = "sha256:62e81d2f1a827d43152aed12446a604627e8833493a51dca027026eed0ce7128"},
]

[[package]]
name = "macholib"
version = "1.16.2"
description = "Mach-O header analysis and editing"
category = "main"
optional = false
python-versions = "*"
files = [
    {file = "macholib-1.16.2-py2.py3-none-any.whl", hash = "sha256:44c40f2cd7d6726af8fa6fe22549178d3a4dfecc35a9cd15ea916d9c83a688e0"},
    {file = "macholib-1.16.2.tar.gz", hash = "sha256:557bbfa1bb255c20e9abafe7ed6cd8046b48d9525db2f9b77d3122a63a2a8bf8"},
]

[package.dependencies]
altgraph = ">=0.17"

[[package]]
name = "pefile"
version = "2022.5.30"
description = "Python PE parsing module"
category = "main"
optional = false
python-versions = ">=3.6.0"
files = [
    {file = "pefile-2022.5.30.tar.gz", hash = "sha256:a5488a3dd1fd021ce33f969780b88fe0f7eebb76eb20996d7318f307612a045b"},
]

[package.dependencies]
future = "*"

[[package]]
name = "pyinstaller"
version = "5.7.0"
description = "PyInstaller bundles a Python application and all its dependencies into a single package."
category = "main"
optional = false
python-versions = "<3.12,>=3.7"
files = [
    {file = "pyinstaller-5.7.0-py3-none-macosx_10_13_universal2.whl", hash = "sha256:b967ae71ab7b05e18608dbb4518da5afa54f0835927cb7a5ce52ab8fffed03b6"},
    {file = "pyinstaller-5.7.0-py3-none-manylinux2014_aarch64.whl", hash = "sha256:3180b9bf22263380adc5e2ee051b7c21463292877215bbe70c9155dc76f4b966"},
    {file = "pyinstaller-5.7.0-py3-none-manylinux2014_i686.whl", hash = "sha256:0f80e2403e76630ad3392c71f09c1a4284e8d8a8a99fb55ff3a0aba0e06300ed"},
    {file = "pyinstaller-5.7.0-py3-none-manylinux2014_ppc64le.whl", hash = "sha256:2c1dd9d11cfc48bab61eeb06de69a3d1ad742bbb2ef14716965ca0333dd43a5b"},
    {file = "pyinstaller-5.7.0-py3-none-manylinux2014_s390x.whl", hash = "sha256:dfc12e92fe10ae645dd0dd1fcfa4cd7677b2e96119e3cd4980d742e09bb78925"},
    {file = "pyinstaller-5.7.0-py3-none-manylinux2014_x86_64.whl", hash = "sha256:f35f06d48faea0ad738429c009941059beebaa306e9d9ead95f1df4b441de2aa"},
    {file = "pyinstaller-5.7.0-py3-none-musllinux_1_1_aarch64.whl", hash = "sha256:28a8a0da656493aa32d9665e2f6f84775da0f23174859ed8facaa4226fe77a17"},
    {file = "pyinstaller-5.7.0-py3-none-musllinux_1_1_x86_64.whl", hash = "sha256:1ac3f09b838710c43e34b0a7ad003bd168a754b0b786c561b47baf1af9104354"},
    {file = "pyinstaller-5.7.0-py3-none-win32.whl", hash = "sha256:9cdb8ee8622ee8d2c6cd67f001b610019d4371a8bf3f7850562640ce786894d7"},
    {file = "pyinstaller-5.7.0-py3-none-win_amd64.whl", hash = "sha256:9b47c10fbefac6f6493266f8b1689109b2b14efa9142dbd2cd7549226a4568b7"},
    {file = "pyinstaller-5.7.0-py3-none-win_arm64.whl", hash = "sha256:3e51e18a16dec0414079762843cf892a5d70749ad56ca7b3c7b5f8367dc50b1e"},
    {file = "pyinstaller-5.7.0.tar.gz", hash = "sha256:0e5953937d35f0b37543cc6915dacaf3239bcbdf3fd3ecbb7866645468a16775"},
]

[package.dependencies]
altgraph = "*"
macholib = {version = ">=1.8", markers = "sys_platform == \"darwin\""}
pefile = {version = ">=2022.5.30", markers = "sys_platform == \"win32\""}
pyinstaller-hooks-contrib = ">=2021.4"
pywin32-ctypes = {version = ">=0.2.0", markers = "sys_platform == \"win32\""}
setuptools = ">=42.0.0"

[package.extras]
encryption = ["tinyaes (>=1.0.0)"]
hook-testing = ["execnet (>=1.5.0)", "psutil", "pytest (>=2.7.3)"]

[[package]]
name = "pyinstaller-hooks-contrib"
version = "2022.14"
description = "Community maintained hooks for PyInstaller"
category = "main"
optional = false
python-versions = ">=3.7"
files = [
    {file = "pyinstaller-hooks-contrib-2022.14.tar.gz", hash = "sha256:5ae8da3a92cf20e37b3e00604d0c3468896e7d746e5c1449473597a724331b0b"},
    {file = "pyinstaller_hooks_contrib-2022.14-py2.py3-none-any.whl", hash = "sha256:1a125838a22d7b35a18993c6e56d3c5cc3ad7da00954f95bc5606523939203f2"},
]

[[package]]
name = "pywin32-ctypes"
version = "0.2.0"
description = ""
category = "main"
optional = false
python-versions = "*"
files = [
    {file = "pywin32-ctypes-0.2.0.tar.gz", hash = "sha256:24ffc3b341d457d48e8922352130cf2644024a4ff09762a2261fd34c36ee5942"},
    {file = "pywin32_ctypes-0.2.0-py2.py3-none-any.whl", hash = "sha256:9dc2d991b3479cc2df15930958b674a48a227d5361d413827a4cfd0b5876fc98"},
]

[[package]]
name = "setuptools"
version = "65.6.3"
description = "Easily download, build, install, upgrade, and uninstall Python packages"
category = "main"
optional = false
python-versions = ">=3.7"
files = [
    {file = "setuptools-65.6.3-py3-none-any.whl", hash = "sha256:57f6f22bde4e042978bcd50176fdb381d7c21a9efa4041202288d3737a0c6a54"},
    {file = "setuptools-65.6.3.tar.gz", hash = "sha256:a7620757bf984b58deaf32fc8a4577a9bbc0850cf92c20e1ce41c38c19e5fb75"},
]

[package.extras]
docs = ["furo", "jaraco.packaging (>=9)", "jaraco.tidelift (>=1.4)", "pygments-github-lexers (==0.0.5)", "rst.linker (>=1.9)", "sphinx (>=3.5)", "sphinx-favicon", "sphinx-hoverxref (<2)", "sphinx-inline-tabs", "sphinx-notfound-page (==0.8.3)", "sphinx-reredirects", "sphinxcontrib-towncrier"]
testing = ["build[virtualenv]", "filelock (>=3.4.0)", "flake8 (<5)", "flake8-2020", "ini2toml[lite] (>=0.9)", "jaraco.envs (>=2.2)", "jaraco.path (>=3.2.0)", "pip (>=19.1)", "pip-run (>=8.8)", "pytest (>=6)", "pytest-black (>=0.3.7)", "pytest-checkdocs (>=2.4)", "pytest-cov", "pytest-enabler (>=1.3)", "pytest-flake8", "pytest-mypy (>=0.9.1)", "pytest-perf", "pytest-timeout", "pytest-xdist", "tomli-w (>=1.0.0)", "virtualenv (>=13.0.0)", "wheel"]
testing-integration = ["build[virtualenv]", "filelock (>=3.4.0)", "jaraco.envs (>=2.2)", "jaraco.path (>=3.2.0)", "pytest", "pytest-enabler", "pytest-xdist", "tomli", "virtualenv (>=13.0.0)", "wheel"]

[[package]]
name = "six"
version = "1.16.0"
description = "Python 2 and 3 compatibility utilities"
category = "main"
optional = false
python-versions = ">=2.7, !=3.0.*, !=3.1.*, !=3.2.*"
files = [
    {file = "six-1.16.0-py2.py3-none-any.whl", hash = "sha256:8abb2f1d86890a2dfb989f9a77cfcfd3e47c2a354b01111771326f8aa26e0254"},
    {file = "six-1.16.0.tar.gz", hash = "sha256:1e61c37477a1626458e36f7b1d82aa5c9b094fa4802892072e49de9c60c4c926"},
]

[[package]]
name = "termcolor"
version = "2.1.1"
description = "ANSI color formatting for output in terminal"
category = "main"
optional = false
python-versions = ">=3.7"
files = [
    {file = "termcolor-2.1.1-py3-none-any.whl", hash = "sha256:fa852e957f97252205e105dd55bbc23b419a70fec0085708fc0515e399f304fd"},
    {file = "termcolor-2.1.1.tar.gz", hash = "sha256:67cee2009adc6449c650f6bcf3bdeed00c8ba53a8cda5362733c53e0a39fb70b"},
]

[package.extras]
tests = ["pytest", "pytest-cov"]

[[package]]
name = "unicorn"
version = "2.0.1.post1"
description = "Unicorn CPU emulator engine"
category = "main"
optional = false
python-versions = "*"
files = [
    {file = "unicorn-2.0.1.post1-py2.py3-none-macosx_10_15_x86_64.whl", hash = "sha256:2d3eb3ec7eabbc4e66b4d853e11b27c426ce03072860c756139ed2191588751c"},
    {file = "unicorn-2.0.1.post1-py2.py3-none-manylinux1_i686.manylinux_2_17_i686.manylinux2014_i686.whl", hash = "sha256:2b3eba8848f3cfd43ed5f3128f01880ecc4e73e6b36c1e5e951177db0fb9c03b"},
    {file = "unicorn-2.0.1.post1-py2.py3-none-manylinux1_i686.whl", hash = "sha256:4cf11d4883160dd3c4967bb3187dd886cdca4422884b315ace436af6047aae0d"},
    {file = "unicorn-2.0.1.post1-py2.py3-none-manylinux1_x86_64.manylinux_2_17_x86_64.manylinux2014_x86_64.whl", hash = "sha256:45be711d2bc8b82d07f2e0bdde128f3e9408c42978a3ed5edf709bce5350fcdf"},
    {file = "unicorn-2.0.1.post1-py2.py3-none-manylinux1_x86_64.whl", hash = "sha256:5ed85a0b7bbfa47dd029272e071c814f21e9dacc2eefd63521f4d638ff1d6db9"},
    {file = "unicorn-2.0.1.post1-py2.py3-none-manylinux2014_aarch64.whl", hash = "sha256:0bd05f9ae6b86b1326e6c3c1d1f3e51264b479cd1961388fd0da0ae674ec0195"},
    {file = "unicorn-2.0.1.post1-py2.py3-none-win32.whl", hash = "sha256:9f0e3bbe207a6d2ddd3dff528bf3b2251c8e11d0fb4bab2338dff01475f6f41b"},
    {file = "unicorn-2.0.1.post1-py2.py3-none-win_amd64.whl", hash = "sha256:7145fe448d17b2377b18e08e0521749cf0f94b9d3fe8b67c032bb4c932a21c29"},
    {file = "unicorn-2.0.1.post1.tar.gz", hash = "sha256:7fc69523eb83b4c8abc7cb4410ca21875e066c34b7afe998f59481e830d28e56"},
]

[metadata]
lock-version = "2.0"
python-versions = ">=3.9, <3.11"
content-hash = "96981c1959e0d3e265559c9855e348763117ef3cc764cb6bcec6c829e17376f2"
